
Microsoft Visual Studio Solution File, Format Version 12.00
# Visual Studio Version 17
VisualStudioVersion = 17.0.31903.59
MinimumVisualStudioVersion = 10.0.40219.1
Project("{9A19103F-16F7-4668-BE54-9A1E7A4F7556}") = "GymManager.MVC", "GymManager.MVC\GymManager.MVC.csproj", "{F4EE7465-4AC2-43CB-928F-8EBE995946D5}"
EndProject
Project("{9A19103F-16F7-4668-BE54-9A1E7A4F7556}") = "GymManagerDomain", "GymManagerDomain\GymManagerDomain.csproj", "{43C4DCB7-5941-4119-9B3B-47060752E0AE}"
EndProject
Project("{9A19103F-16F7-4668-BE54-9A1E7A4F7556}") = "GymManagerApplication", "CarWorkshopApplication\GymManagerApplication.csproj", "{FAEFDB68-F84A-4F05-B652-4DC18B3A3131}"
EndProject
Project("{9A19103F-16F7-4668-BE54-9A1E7A4F7556}") = "GymManagerInfractracture", "GymManagerInfractracture\GymManagerInfractracture.csproj", "{B35F3243-0BC4-4CFB-8A09-C22091905A2F}"
EndProject
Global
	GlobalSection(SolutionConfigurationPlatforms) = preSolution
		Debug|Any CPU = Debug|Any CPU
		Release|Any CPU = Release|Any CPU
	EndGlobalSection
	GlobalSection(ProjectConfigurationPlatforms) = postSolution
		{F4EE7465-4AC2-43CB-928F-8EBE995946D5}.Debug|Any CPU.ActiveCfg = Debug|Any CPU
		{F4EE7465-4AC2-43CB-928F-8EBE995946D5}.Debug|Any CPU.Build.0 = Debug|Any CPU
		{F4EE7465-4AC2-43CB-928F-8EBE995946D5}.Release|Any CPU.ActiveCfg = Release|Any CPU
		{F4EE7465-4AC2-43CB-928F-8EBE995946D5}.Release|Any CPU.Build.0 = Release|Any CPU
		{43C4DCB7-5941-4119-9B3B-47060752E0AE}.Debug|Any CPU.ActiveCfg = Debug|Any CPU
		{43C4DCB7-5941-4119-9B3B-47060752E0AE}.Debug|Any CPU.Build.0 = Debug|Any CPU
		{43C4DCB7-5941-4119-9B3B-47060752E0AE}.Release|Any CPU.ActiveCfg = Release|Any CPU
		{43C4DCB7-5941-4119-9B3B-47060752E0AE}.Release|Any CPU.Build.0 = Release|Any CPU
		{FAEFDB68-F84A-4F05-B652-4DC18B3A3131}.Debug|Any CPU.ActiveCfg = Debug|Any CPU
		{FAEFDB68-F84A-4F05-B652-4DC18B3A3131}.Debug|Any CPU.Build.0 = Debug|Any CPU
		{FAEFDB68-F84A-4F05-B652-4DC18B3A3131}.Release|Any CPU.ActiveCfg = Release|Any CPU
		{FAEFDB68-F84A-4F05-B652-4DC18B3A3131}.Release|Any CPU.Build.0 = Release|Any CPU
		{B35F3243-0BC4-4CFB-8A09-C22091905A2F}.Debug|Any CPU.ActiveCfg = Debug|Any CPU
		{B35F3243-0BC4-4CFB-8A09-C22091905A2F}.Debug|Any CPU.Build.0 = Debug|Any CPU
		{B35F3243-0BC4-4CFB-8A09-C22091905A2F}.Release|Any CPU.ActiveCfg = Release|Any CPU
		{B35F3243-0BC4-4CFB-8A09-C22091905A2F}.Release|Any CPU.Build.0 = Release|Any CPU
	EndGlobalSection
	GlobalSection(SolutionProperties) = preSolution
		HideSolutionNode = FALSE
	EndGlobalSection
	GlobalSection(ExtensibilityGlobals) = postSolution
		SolutionGuid = {19181171-67AF-489F-BA4F-FCC88287A14B}
	EndGlobalSection
EndGlobal
